{
  "name": "iceclam",
  "version": "1.0.0",
  "lockfileVersion": 1,
  "requires": true,
  "dependencies": {
    "@protobufjs/utf8": {
      "version": "1.1.0",
      "resolved": "http://registry.npm.taobao.org/@protobufjs/utf8/download/@protobufjs/utf8-1.1.0.tgz",
      "integrity": "sha1-p3c2C1s5oaLlEG+OhY8v0tBgxXA=",
      "dev": true
    },
    "@types/chai": {
      "version": "4.1.7",
      "resolved": "http://registry.npm.taobao.org/@types/chai/download/@types/chai-4.1.7.tgz",
      "dev": true
    },
    "@types/mocha": {
      "version": "5.2.5",
      "resolved": "http://registry.npm.taobao.org/@types/mocha/download/@types/mocha-5.2.5.tgz",
      "dev": true
    },
    "@types/node": {
      "version": "10.12.18",
      "resolved": "http://registry.npm.taobao.org/@types/node/download/@types/node-10.12.18.tgz",
      "dev": true
    },
    "@types/webassembly-js-api": {
      "version": "0.0.2",
      "resolved": "http://registry.npm.taobao.org/@types/webassembly-js-api/download/@types/webassembly-js-api-0.0.2.tgz",
      "dev": true
    },
    "chai": {
      "version": "4.2.0",
      "resolved": "http://registry.npm.taobao.org/chai/download/chai-4.2.0.tgz",
      "dev": true,
      "dependencies": {
        "assertion-error": {
          "version": "http://registry.npm.taobao.org/assertion-error/download/assertion-error-1.1.0.tgz",
          "bundled": true
        },
        "check-error": {
          "version": "http://registry.npm.taobao.org/check-error/download/check-error-1.0.2.tgz",
          "bundled": true
        },
        "deep-eql": {
          "version": "http://registry.npm.taobao.org/deep-eql/download/deep-eql-3.0.1.tgz",
          "bundled": true
        },
        "get-func-name": {
          "version": "http://registry.npm.taobao.org/get-func-name/download/get-func-name-2.0.0.tgz",
          "bundled": true
        },
        "pathval": {
          "version": "http://registry.npm.taobao.org/pathval/download/pathval-1.1.0.tgz",
          "bundled": true
        },
        "type-detect": {
          "version": "http://registry.npm.taobao.org/type-detect/download/type-detect-4.0.8.tgz",
          "bundled": true
        }
      }
    },
    "make-error": {
      "version": "1.3.5",
      "resolved": "http://registry.npm.taobao.org/make-error/download/make-error-1.3.5.tgz",
      "dev": true
    },
    "mocha": {
      "version": "5.2.0",
      "resolved": "http://registry.npm.taobao.org/mocha/download/mocha-5.2.0.tgz",
      "dev": true,
      "dependencies": {
        "browser-stdout": {
          "version": "http://registry.npm.taobao.org/browser-stdout/download/browser-stdout-1.3.1.tgz"
        },
        "commander": {
          "version": "http://registry.npm.taobao.org/commander/download/commander-2.15.1.tgz"
        },
        "debug": {
          "version": "http://registry.npm.taobao.org/debug/download/debug-3.1.0.tgz"
        },
        "diff": {
          "version": "http://registry.npm.taobao.org/diff/download/diff-3.5.0.tgz"
        },
        "escape-string-regexp": {
          "version": "http://registry.npm.taobao.org/escape-string-regexp/download/escape-string-regexp-1.0.5.tgz"
        },
        "glob": {
          "version": "http://registry.npm.taobao.org/glob/download/glob-7.1.2.tgz"
        },
        "growl": {
          "version": "http://registry.npm.taobao.org/growl/download/growl-1.10.5.tgz"
        },
        "he": {
          "version": "http://registry.npm.taobao.org/he/download/he-1.1.1.tgz"
        },
        "minimatch": {
          "version": "http://registry.npm.taobao.org/minimatch/download/minimatch-3.0.4.tgz",
          "dependencies": {
            "brace-expansion": {
              "version": "http://registry.npm.taobao.org/brace-expansion/download/brace-expansion-1.1.11.tgz"
            }
          }
        },
        "mkdirp": {
          "version": "http://registry.npm.taobao.org/mkdirp/download/mkdirp-0.5.1.tgz",
          "dependencies": {
            "minimist": {
              "version": "http://registry.npm.taobao.org/minimist/download/minimist-0.0.8.tgz",
              "bundled": true
            }
          }
        },
        "supports-color": {
          "version": "http://registry.npm.taobao.org/supports-color/download/supports-color-5.4.0.tgz"
        }
      }
    },
    "puppeteer": {
      "version": "1.11.0",
      "resolved": "http://registry.npm.taobao.org/puppeteer/download/puppeteer-1.11.0.tgz",
      "dev": true,
      "dependencies": {
        "debug": {
          "version": "http://registry.npm.taobao.org/debug/download/debug-4.1.1.tgz",
          "bundled": true
        },
        "extract-zip": {
          "version": "http://registry.npm.taobao.org/extract-zip/download/extract-zip-1.6.7.tgz",
          "bundled": true
        },
        "https-proxy-agent": {
          "version": "http://registry.npm.taobao.org/https-proxy-agent/download/https-proxy-agent-2.2.1.tgz",
          "bundled": true,
          "dependencies": {
            "agent-base": {
              "version": "http://registry.npm.taobao.org/agent-base/download/agent-base-4.2.1.tgz",
              "dependencies": {
                "es6-promisify": {
                  "version": "http://registry.npm.taobao.org/es6-promisify/download/es6-promisify-5.0.0.tgz",
                  "bundled": true
                }
              }
            },
            "debug": {
              "version": "http://registry.npm.taobao.org/debug/download/debug-3.2.6.tgz"
            }
          }
        },
        "mime": {
          "version": "http://registry.npm.taobao.org/mime/download/mime-2.4.0.tgz",
          "bundled": true
        },
        "progress": {
          "version": "http://registry.npm.taobao.org/progress/download/progress-2.0.3.tgz",
          "bundled": true
        },
        "proxy-from-env": {
          "version": "http://registry.npm.taobao.org/proxy-from-env/download/proxy-from-env-1.0.0.tgz",
          "bundled": true
        },
        "rimraf": {
          "version": "http://registry.npm.taobao.org/rimraf/download/rimraf-2.6.3.tgz",
          "bundled": true,
          "dependencies": {
            "glob": {
              "version": "http://registry.npm.taobao.org/glob/download/glob-7.1.3.tgz",
              "bundled": true,
              "dependencies": {
                "fs.realpath": {
                  "version": "http://registry.npm.taobao.org/fs.realpath/download/fs.realpath-1.0.0.tgz"
                },
                "inflight": {
                  "version": "http://registry.npm.taobao.org/inflight/download/inflight-1.0.6.tgz",
                  "dependencies": {
                    "once": {
                      "version": "http://registry.npm.taobao.org/once/download/once-1.4.0.tgz"
                    },
                    "wrappy": {
                      "version": "http://registry.npm.taobao.org/wrappy/download/wrappy-1.0.2.tgz"
                    }
                  }
                },
                "inherits": {
                  "version": "http://registry.npm.taobao.org/inherits/download/inherits-2.0.3.tgz"
                },
                "minimatch": {
                  "version": "http://registry.npm.taobao.org/minimatch/download/minimatch-3.0.4.tgz"
                },
                "once": {
                  "version": "http://registry.npm.taobao.org/once/download/once-1.4.0.tgz",
                  "dependencies": {
                    "wrappy": {
                      "version": "http://registry.npm.taobao.org/wrappy/download/wrappy-1.0.2.tgz"
                    }
                  }
                },
                "path-is-absolute": {
                  "version": "http://registry.npm.taobao.org/path-is-absolute/download/path-is-absolute-1.0.1.tgz"
                }
              }
            }
          }
        },
        "ws": {
          "version": "http://registry.npm.taobao.org/ws/download/ws-6.1.2.tgz",
          "bundled": true
        }
      }
    },
    "source-map-support": {
      "version": "0.5.9",
      "resolved": "http://registry.npm.taobao.org/source-map-support/download/source-map-support-0.5.9.tgz",
      "dev": true,
      "dependencies": {
        "buffer-from": {
          "version": "http://registry.npm.taobao.org/buffer-from/download/buffer-from-1.1.1.tgz",
          "bundled": true
        },
        "source-map": {
          "version": "http://registry.npm.taobao.org/source-map/download/source-map-0.6.1.tgz",
          "bundled": true
        }
      }
    },
    "ts-node": {
      "version": "7.0.1",
      "resolved": "http://registry.npm.taobao.org/ts-node/download/ts-node-7.0.1.tgz",
      "dev": true,
      "requires": {
        "make-error": "^1.1.1",
        "source-map-support": "^0.5.6",
        "yn": "^2.0.0"
      },
      "dependencies": {
        "arrify": {
          "version": "http://registry.npm.taobao.org/arrify/download/arrify-1.0.1.tgz"
        },
        "buffer-from": {
          "version": "http://registry.npm.taobao.org/buffer-from/download/buffer-from-1.1.1.tgz"
        },
        "diff": {
          "version": "http://registry.npm.taobao.org/diff/download/diff-3.5.0.tgz"
        },
        "make-error": {
          "version": "http://registry.npm.taobao.org/make-error/download/make-error-1.3.5.tgz"
        },
        "minimist": {
          "version": "http://registry.npm.taobao.org/minimist/download/minimist-1.2.0.tgz"
        },
        "mkdirp": {
          "version": "http://registry.npm.taobao.org/mkdirp/download/mkdirp-0.5.1.tgz",
          "dependencies": {
            "minimist": {
              "version": "http://registry.npm.taobao.org/minimist/download/minimist-0.0.8.tgz",
              "bundled": true
            }
          }
        },
        "source-map-support": {
          "version": "http://registry.npm.taobao.org/source-map-support/download/source-map-support-0.5.9.tgz"
        },
        "yn": {
          "version": "http://registry.npm.taobao.org/yn/download/yn-2.0.0.tgz"
        }
      }
    },
    "typescript": {
      "version": "3.2.2",
      "resolved": "http://registry.npm.taobao.org/typescript/download/typescript-3.2.2.tgz",
      "dev": true
    },
    "yn": {
      "version": "2.0.0",
      "resolved": "http://registry.npm.taobao.org/yn/download/yn-2.0.0.tgz",
      "dev": true
    }
  }
}
